
Microsoft Visual Studio Solution File, Format Version 12.00
Project("{FAE04EC0-301F-11D3-BF4B-00C04F79EFBC}") = "Remx.Api", "Remx.Api\Remx.Api.csproj", "{888B6D14-5767-49FE-89DD-E3E6899A7911}"
EndProject
Project("{FAE04EC0-301F-11D3-BF4B-00C04F79EFBC}") = "Remx.Application", "Remx.Application\Remx.Application.csproj", "{F928E90C-2C21-4FBC-B172-CAEA6C56C2A9}"
EndProject
Project("{FAE04EC0-301F-11D3-BF4B-00C04F79EFBC}") = "Remx.Domain", "Remx.Domain\Remx.Domain.csproj", "{7370C59D-9FF0-4A79-AFAE-37A7149B8F65}"
EndProject
Project("{FAE04EC0-301F-11D3-BF4B-00C04F79EFBC}") = "Remx.Infrastructure", "Remx.Infrastructure\Remx.Infrastructure.csproj", "{5F7AB774-63D1-40C9-A680-D67596DF32CC}"
EndProject
Project("{FAE04EC0-301F-11D3-BF4B-00C04F79EFBC}") = "Remx.Infrastructure.Ef", "Remx.Infrastructure.Ef\Remx.Infrastructure.Ef.csproj", "{C3090F10-FBAF-4802-B9CA-10199666B98C}"
EndProject
Project("{2150E333-8FDC-42A3-9474-1A3956D46DE8}") = "Tests", "Tests", "{468C6D0C-3493-4E57-A30B-3CC19BFDB896}"
EndProject
Project("{FAE04EC0-301F-11D3-BF4B-00C04F79EFBC}") = "Remx.Tests", "Remx.Tests\Remx.Tests.csproj", "{597DC4AB-E5C5-418E-837C-4DC15C998EB0}"
EndProject
Project("{2150E333-8FDC-42A3-9474-1A3956D46DE8}") = "Presentation", "Presentation", "{69D5D544-D9E1-446A-B7CF-D7EF69B2D99E}"
EndProject
Project("{2150E333-8FDC-42A3-9474-1A3956D46DE8}") = "Infrastructure", "Infrastructure", "{291BADFC-A327-4F67-9342-BA3EAECA0F83}"
EndProject
Project("{FAE04EC0-301F-11D3-BF4B-00C04F79EFBC}") = "Remx.BackgroundJobs", "Remx.BackgroundJobs\Remx.BackgroundJobs.csproj", "{6CB7FB8B-F2F8-4E89-AF12-C2BB3514F35C}"
EndProject
Global
	GlobalSection(SolutionConfigurationPlatforms) = preSolution
		Debug|Any CPU = Debug|Any CPU
		Release|Any CPU = Release|Any CPU
	EndGlobalSection
	GlobalSection(ProjectConfigurationPlatforms) = postSolution
		{888B6D14-5767-49FE-89DD-E3E6899A7911}.Debug|Any CPU.ActiveCfg = Debug|Any CPU
		{888B6D14-5767-49FE-89DD-E3E6899A7911}.Debug|Any CPU.Build.0 = Debug|Any CPU
		{888B6D14-5767-49FE-89DD-E3E6899A7911}.Release|Any CPU.ActiveCfg = Release|Any CPU
		{888B6D14-5767-49FE-89DD-E3E6899A7911}.Release|Any CPU.Build.0 = Release|Any CPU
		{F928E90C-2C21-4FBC-B172-CAEA6C56C2A9}.Debug|Any CPU.ActiveCfg = Debug|Any CPU
		{F928E90C-2C21-4FBC-B172-CAEA6C56C2A9}.Debug|Any CPU.Build.0 = Debug|Any CPU
		{F928E90C-2C21-4FBC-B172-CAEA6C56C2A9}.Release|Any CPU.ActiveCfg = Release|Any CPU
		{F928E90C-2C21-4FBC-B172-CAEA6C56C2A9}.Release|Any CPU.Build.0 = Release|Any CPU
		{7370C59D-9FF0-4A79-AFAE-37A7149B8F65}.Debug|Any CPU.ActiveCfg = Debug|Any CPU
		{7370C59D-9FF0-4A79-AFAE-37A7149B8F65}.Debug|Any CPU.Build.0 = Debug|Any CPU
		{7370C59D-9FF0-4A79-AFAE-37A7149B8F65}.Release|Any CPU.ActiveCfg = Release|Any CPU
		{7370C59D-9FF0-4A79-AFAE-37A7149B8F65}.Release|Any CPU.Build.0 = Release|Any CPU
		{5F7AB774-63D1-40C9-A680-D67596DF32CC}.Debug|Any CPU.ActiveCfg = Debug|Any CPU
		{5F7AB774-63D1-40C9-A680-D67596DF32CC}.Debug|Any CPU.Build.0 = Debug|Any CPU
		{5F7AB774-63D1-40C9-A680-D67596DF32CC}.Release|Any CPU.ActiveCfg = Release|Any CPU
		{5F7AB774-63D1-40C9-A680-D67596DF32CC}.Release|Any CPU.Build.0 = Release|Any CPU
		{C3090F10-FBAF-4802-B9CA-10199666B98C}.Debug|Any CPU.ActiveCfg = Debug|Any CPU
		{C3090F10-FBAF-4802-B9CA-10199666B98C}.Debug|Any CPU.Build.0 = Debug|Any CPU
		{C3090F10-FBAF-4802-B9CA-10199666B98C}.Release|Any CPU.ActiveCfg = Release|Any CPU
		{C3090F10-FBAF-4802-B9CA-10199666B98C}.Release|Any CPU.Build.0 = Release|Any CPU
		{597DC4AB-E5C5-418E-837C-4DC15C998EB0}.Debug|Any CPU.ActiveCfg = Debug|Any CPU
		{597DC4AB-E5C5-418E-837C-4DC15C998EB0}.Debug|Any CPU.Build.0 = Debug|Any CPU
		{597DC4AB-E5C5-418E-837C-4DC15C998EB0}.Release|Any CPU.ActiveCfg = Release|Any CPU
		{597DC4AB-E5C5-418E-837C-4DC15C998EB0}.Release|Any CPU.Build.0 = Release|Any CPU
		{6CB7FB8B-F2F8-4E89-AF12-C2BB3514F35C}.Debug|Any CPU.ActiveCfg = Debug|Any CPU
		{6CB7FB8B-F2F8-4E89-AF12-C2BB3514F35C}.Debug|Any CPU.Build.0 = Debug|Any CPU
		{6CB7FB8B-F2F8-4E89-AF12-C2BB3514F35C}.Release|Any CPU.ActiveCfg = Release|Any CPU
		{6CB7FB8B-F2F8-4E89-AF12-C2BB3514F35C}.Release|Any CPU.Build.0 = Release|Any CPU
	EndGlobalSection
	GlobalSection(NestedProjects) = preSolution
		{597DC4AB-E5C5-418E-837C-4DC15C998EB0} = {468C6D0C-3493-4E57-A30B-3CC19BFDB896}
		{888B6D14-5767-49FE-89DD-E3E6899A7911} = {69D5D544-D9E1-446A-B7CF-D7EF69B2D99E}
		{5F7AB774-63D1-40C9-A680-D67596DF32CC} = {291BADFC-A327-4F67-9342-BA3EAECA0F83}
		{C3090F10-FBAF-4802-B9CA-10199666B98C} = {291BADFC-A327-4F67-9342-BA3EAECA0F83}
		{6CB7FB8B-F2F8-4E89-AF12-C2BB3514F35C} = {69D5D544-D9E1-446A-B7CF-D7EF69B2D99E}
	EndGlobalSection
EndGlobal
